// !$*UTF8*$!
{
	archiveVersion = 1;
	classes = {
	};
	objectVersion = 77;
	objects = {

/* Begin PBXBuildFile section */
		A1000001000000000000000B /* Tcmobile.xcframework in Frameworks */ = {isa = PBXBuildFile; fileRef = A1000002000000000000000B; };
		A1000001000000000000000C /* Tcmobile.xcframework in Embed Frameworks */ = {isa = PBXBuildFile; fileRef = A1000002000000000000000B; settings = {ATTRIBUTES = (CodeSignOnCopy, RemoveHeadersOnCopy, ); }; };
		A20000010000000000000001 /* MarkdownUI in Frameworks */ = {isa = PBXBuildFile; productRef = A20000010000000000000003 /* MarkdownUI */; };
/* End PBXBuildFile section */

/* Begin PBXCopyFilesBuildPhase section */
		A1000001000000000000000D /* Embed Frameworks */ = {
			isa = PBXCopyFilesBuildPhase;
			buildActionMask = 2147483647;
			dstPath = "";
			dstSubfolderSpec = 10;
			files = (
				A1000001000000000000000C /* Tcmobile.xcframework in Embed Frameworks */,
			);
			name = "Embed Frameworks";
			runOnlyForDeploymentPostprocessing = 0;
		};
/* End PBXCopyFilesBuildPhase section */

/* Begin PBXFileReference section */
		A1000002000000000000000B /* Tcmobile.xcframework */ = {isa = PBXFileReference; lastKnownFileType = wrapper.xcframework; name = Tcmobile.xcframework; path = Frameworks/Tcmobile.xcframework; sourceTree = "<group>"; };
		A1000003000000000000000B /* VAVRemote.app */ = {isa = PBXFileReference; explicitFileType = wrapper.application; includeInIndex = 0; path = VAVRemote.app; sourceTree = BUILT_PRODUCTS_DIR; };
/* End PBXFileReference section */

/* Begin PBXFileSystemSynchronizedRootGroup section */
		A1000004000000000000000B /* VAVRemote */ = {
			isa = PBXFileSystemSynchronizedRootGroup;
			path = VAVRemote;
			sourceTree = "<group>";
		};
/* End PBXFileSystemSynchronizedRootGroup section */

/* Begin PBXFrameworksBuildPhase section */
		A1000005000000000000000B /* Frameworks */ = {
			isa = PBXFrameworksBuildPhase;
			buildActionMask = 2147483647;
			files = (
				A1000001000000000000000B /* Tcmobile.xcframework in Frameworks */,
				A20000010000000000000001 /* MarkdownUI in Frameworks */,
			);
			runOnlyForDeploymentPostprocessing = 0;
		};
/* End PBXFrameworksBuildPhase section */

/* Begin PBXGroup section */
		A1000006000000000000000B = {
			isa = PBXGroup;
			children = (
				A1000004000000000000000B /* VAVRemote */,
				A1000007000000000000000B /* Frameworks */,
				A1000008000000000000000B /* Products */,
			);
			sourceTree = "<group>";
		};
		A1000007000000000000000B /* Frameworks */ = {
			isa = PBXGroup;
			children = (
				A1000002000000000000000B /* Tcmobile.xcframework */,
			);
			name = Frameworks;
			sourceTree = "<group>";
		};
		A1000008000000000000000B /* Products */ = {
			isa = PBXGroup;
			children = (
				A1000003000000000000000B /* VAVRemote.app */,
			);
			name = Products;
			sourceTree = "<group>";
		};
/* End PBXGroup section */

/* Begin PBXNativeTarget section */
		A1000009000000000000000B /* VAVRemote */ = {
			isa = PBXNativeTarget;
			buildConfigurationList = A100000A000000000000000B /* Build configuration list for PBXNativeTarget "VAVRemote" */;
			buildPhases = (
				A100000B000000000000000B /* Sources */,
				A1000005000000000000000B /* Frameworks */,
				A100000C000000000000000B /* Resources */,
				A1000001000000000000000D /* Embed Frameworks */,
			);
			buildRules = (
			);
			dependencies = (
			);
			fileSystemSynchronizedGroups = (
				A1000004000000000000000B /* VAVRemote */,
			);
			name = VAVRemote;
			packageProductDependencies = (
				A20000010000000000000003 /* MarkdownUI */,
			);
			productName = VAVRemote;
			productReference = A1000003000000000000000B /* VAVRemote.app */;
			productType = "com.apple.product-type.application";
		};
/* End PBXNativeTarget section */

/* Begin PBXProject section */
		A100000D000000000000000B /* Project object */ = {
			isa = PBXProject;
			attributes = {
				BuildIndependentTargetsInParallel = 1;
				LastSwiftUpdateCheck = 1600;
				LastUpgradeCheck = 1600;
				TargetAttributes = {
					A1000009000000000000000B = {
						CreatedOnToolsVersion = 16.0;
					};
				};
			};
			buildConfigurationList = A100000E000000000000000B /* Build configuration list for PBXProject "VAVRemote" */;
			developmentRegion = en;
			hasScannedForEncodings = 0;
			knownRegions = (
				en,
				Base,
				"zh-Hans",
			);
			mainGroup = A1000006000000000000000B;
			minimizedProjectReferenceProxies = 1;
			packageReferences = (
				A20000010000000000000002 /* XCRemoteSwiftPackageReference "swift-markdown-ui" */,
			);
			preferredProjectObjectVersion = 77;
			productRefGroup = A1000008000000000000000B /* Products */;
			projectDirPath = "";
			projectRoot = "";
			targets = (
				A1000009000000000000000B /* VAVRemote */,
			);
		};
/* End PBXProject section */

/* Begin PBXResourcesBuildPhase section */
		A100000C000000000000000B /* Resources */ = {
			isa = PBXResourcesBuildPhase;
			buildActionMask = 2147483647;
			files = (
			);
			runOnlyForDeploymentPostprocessing = 0;
		};
/* End PBXResourcesBuildPhase section */

/* Begin PBXSourcesBuildPhase section */
		A100000B000000000000000B /* Sources */ = {
			isa = PBXSourcesBuildPhase;
			buildActionMask = 2147483647;
			files = (
			);
			runOnlyForDeploymentPostprocessing = 0;
		};
/* End PBXSourcesBuildPhase section */

/* Begin XCBuildConfiguration section */
		A100000F000000000000000B /* Debug */ = {
			isa = XCBuildConfiguration;
			buildSettings = {
				ALWAYS_SEARCH_USER_PATHS = NO;
				ASSETCATALOG_COMPILER_GENERATE_ASSET_SYMBOL_EXTENSIONS = YES;
				CLANG_ANALYZER_NONNULL = YES;
				CLANG_ENABLE_MODULES = YES;
				CLANG_ENABLE_OBJC_ARC = YES;
				COPY_PHASE_STRIP = NO;
				DEBUG_INFORMATION_FORMAT = dwarf;
				ENABLE_STRICT_OBJC_MSGSEND = YES;
				ENABLE_TESTABILITY = YES;
				ENABLE_USER_SCRIPT_SANDBOXING = YES;
				GCC_C_LANGUAGE_STANDARD = gnu17;
				GCC_DYNAMIC_NO_PIC = NO;
				GCC_NO_COMMON_BLOCKS = YES;
				GCC_OPTIMIZATION_LEVEL = 0;
				GCC_PREPROCESSOR_DEFINITIONS = (
					"DEBUG=1",
					"$(inherited)",
				);
				IPHONEOS_DEPLOYMENT_TARGET = 17.0;
				LOCALIZATION_PREFERS_STRING_CATALOGS = YES;
				MTL_ENABLE_DEBUG_INFO = INCLUDE_SOURCE;
				MTL_FAST_MATH = YES;
				ONLY_ACTIVE_ARCH = YES;
				SDKROOT = iphoneos;
				SWIFT_ACTIVE_COMPILATION_CONDITIONS = "DEBUG $(inherited)";
				SWIFT_OPTIMIZATION_LEVEL = "-Onone";
			};
			name = Debug;
		};
		A1000010000000000000000B /* Release */ = {
			isa = XCBuildConfiguration;
			buildSettings = {
				ALWAYS_SEARCH_USER_PATHS = NO;
				ASSETCATALOG_COMPILER_GENERATE_ASSET_SYMBOL_EXTENSIONS = YES;
				CLANG_ANALYZER_NONNULL = YES;
				CLANG_ENABLE_MODULES = YES;
				CLANG_ENABLE_OBJC_ARC = YES;
				COPY_PHASE_STRIP = NO;
				DEBUG_INFORMATION_FORMAT = "dwarf-with-dsym";
				ENABLE_NS_ASSERTIONS = NO;
				ENABLE_STRICT_OBJC_MSGSEND = YES;
				ENABLE_USER_SCRIPT_SANDBOXING = YES;
				GCC_C_LANGUAGE_STANDARD = gnu17;
				GCC_NO_COMMON_BLOCKS = YES;
				IPHONEOS_DEPLOYMENT_TARGET = 17.0;
				LOCALIZATION_PREFERS_STRING_CATALOGS = YES;
				MTL_ENABLE_DEBUG_INFO = NO;
				MTL_FAST_MATH = YES;
				SDKROOT = iphoneos;
				SWIFT_COMPILATION_MODE = wholemodule;
				VALIDATE_PRODUCT = YES;
			};
			name = Release;
		};
		A1000011000000000000000B /* Debug */ = {
			isa = XCBuildConfiguration;
			buildSettings = {
				CODE_SIGN_STYLE = Automatic;
				CURRENT_PROJECT_VERSION = 4;
				DEVELOPMENT_TEAM = R54TY86R4C;
				ASSETCATALOG_COMPILER_APPICON_NAME = AppIcon;
				ENABLE_PREVIEWS = YES;
				GENERATE_INFOPLIST_FILE = YES;
				INFOPLIST_KEY_CFBundleDisplayName = "VAV Remote";
				INFOPLIST_KEY_CFBundleName = "VAV Remote";
				INFOPLIST_KEY_NSCameraUsageDescription = "扫描配对二维码，或拍摄照片发给 Agent";
				INFOPLIST_KEY_NSPhotoLibraryUsageDescription = "从相册选择照片发给 Mac 上的 Agent";
				INFOPLIST_KEY_NSLocalNetworkUsageDescription = "连接这台电脑上的 VAV";
				INFOPLIST_KEY_UIApplicationSceneManifest_Generation = YES;
				INFOPLIST_KEY_UIApplicationSupportsIndirectInputEvents = YES;
				INFOPLIST_KEY_UILaunchScreen_Generation = YES;
				INFOPLIST_KEY_UISupportedInterfaceOrientations = UIInterfaceOrientationPortrait;
				LD_RUNPATH_SEARCH_PATHS = (
					"$(inherited)",
					"@executable_path/Frameworks",
				);
				MARKETING_VERSION = 1.0.3;
				PRODUCT_BUNDLE_IDENTIFIER = com.vav.remote;
				PRODUCT_NAME = "$(TARGET_NAME)";
				SWIFT_EMIT_LOC_STRINGS = YES;
				SWIFT_VERSION = 5.0;
				TARGETED_DEVICE_FAMILY = 1;
			};
			name = Debug;
		};
		A1000012000000000000000B /* Release */ = {
			isa = XCBuildConfiguration;
			buildSettings = {
				CODE_SIGN_STYLE = Automatic;
				CURRENT_PROJECT_VERSION = 4;
				DEVELOPMENT_TEAM = R54TY86R4C;
				ASSETCATALOG_COMPILER_APPICON_NAME = AppIcon;
				ENABLE_PREVIEWS = YES;
				GENERATE_INFOPLIST_FILE = YES;
				INFOPLIST_KEY_CFBundleDisplayName = "VAV Remote";
				INFOPLIST_KEY_CFBundleName = "VAV Remote";
				INFOPLIST_KEY_NSCameraUsageDescription = "扫描配对二维码，或拍摄照片发给 Agent";
				INFOPLIST_KEY_NSPhotoLibraryUsageDescription = "从相册选择照片发给 Mac 上的 Agent";
				INFOPLIST_KEY_NSLocalNetworkUsageDescription = "连接这台电脑上的 VAV";
				INFOPLIST_KEY_UIApplicationSceneManifest_Generation = YES;
				INFOPLIST_KEY_UIApplicationSupportsIndirectInputEvents = YES;
				INFOPLIST_KEY_UILaunchScreen_Generation = YES;
				INFOPLIST_KEY_UISupportedInterfaceOrientations = UIInterfaceOrientationPortrait;
				LD_RUNPATH_SEARCH_PATHS = (
					"$(inherited)",
					"@executable_path/Frameworks",
				);
				MARKETING_VERSION = 1.0.3;
				PRODUCT_BUNDLE_IDENTIFIER = com.vav.remote;
				PRODUCT_NAME = "$(TARGET_NAME)";
				SWIFT_EMIT_LOC_STRINGS = YES;
				SWIFT_VERSION = 5.0;
				TARGETED_DEVICE_FAMILY = 1;
			};
			name = Release;
		};
/* End XCBuildConfiguration section */

/* Begin XCConfigurationList section */
		A100000A000000000000000B /* Build configuration list for PBXNativeTarget "VAVRemote" */ = {
			isa = XCConfigurationList;
			buildConfigurations = (
				A1000011000000000000000B /* Debug */,
				A1000012000000000000000B /* Release */,
			);
			defaultConfigurationIsVisible = 0;
			defaultConfigurationName = Release;
		};
		A100000E000000000000000B /* Build configuration list for PBXProject "VAVRemote" */ = {
			isa = XCConfigurationList;
			buildConfigurations = (
				A100000F000000000000000B /* Debug */,
				A1000010000000000000000B /* Release */,
			);
			defaultConfigurationIsVisible = 0;
			defaultConfigurationName = Release;
		};
/* End XCConfigurationList section */

/* Begin XCRemoteSwiftPackageReference section */
		A20000010000000000000002 /* XCRemoteSwiftPackageReference "swift-markdown-ui" */ = {
			isa = XCRemoteSwiftPackageReference;
			repositoryURL = "https://github.com/gonzalezreal/swift-markdown-ui";
			requirement = {
				kind = upToNextMajorVersion;
				minimumVersion = 2.4.1;
			};
		};
/* End XCRemoteSwiftPackageReference section */

/* Begin XCSwiftPackageProductDependency section */
		A20000010000000000000003 /* MarkdownUI */ = {
			isa = XCSwiftPackageProductDependency;
			package = A20000010000000000000002 /* XCRemoteSwiftPackageReference "swift-markdown-ui" */;
			productName = MarkdownUI;
		};
/* End XCSwiftPackageProductDependency section */
	};
	rootObject = A100000D000000000000000B /* Project object */;
}
